
Microsoft Visual Studio Solution File, Format Version 12.00
# Visual Studio Version 17
VisualStudioVersion = 17.10.35013.160
MinimumVisualStudioVersion = 10.0.40219.1
Project("{FAE04EC0-301F-11D3-BF4B-00C04F79EFBC}") = "SqlDemo", "SqlDemo\SqlDemo.csproj", "{45790658-F89E-455F-B71A-90A5D4FE904A}"
EndProject
Global
	GlobalSection(SolutionConfigurationPlatforms) = preSolution
		Debug|Any CPU = Debug|Any CPU
		Release|Any CPU = Release|Any CPU
	EndGlobalSection
	GlobalSection(ProjectConfigurationPlatforms) = postSolution
		{45790658-F89E-455F-B71A-90A5D4FE904A}.Debug|Any CPU.ActiveCfg = Debug|Any CPU
		{45790658-F89E-455F-B71A-90A5D4FE904A}.Debug|Any CPU.Build.0 = Debug|Any CPU
		{45790658-F89E-455F-B71A-90A5D4FE904A}.Release|Any CPU.ActiveCfg = Release|Any CPU
		{45790658-F89E-455F-B71A-90A5D4FE904A}.Release|Any CPU.Build.0 = Release|Any CPU
	EndGlobalSection
	GlobalSection(SolutionProperties) = preSolution
		HideSolutionNode = FALSE
	EndGlobalSection
	GlobalSection(ExtensibilityGlobals) = postSolution
		SolutionGuid = {6BDCAD7E-5507-4860-BACC-6DC9BBBF2DBC}
	EndGlobalSection
EndGlobal
